// !$*UTF8*$!
{
	archiveVersion = 1;
	classes = {
	};
	objectVersion = 50;
	objects = {

/* Begin PBXBuildFile section */
		97380CC3251E2BAB15EC49DA /* Pods_MGPopupWindowUtilsSwift.framework in Frameworks */ = {isa = PBXBuildFile; fileRef = 1A985895604B554A367F36BF /* Pods_MGPopupWindowUtilsSwift.framework */; };
		B835CE4A213E4D3D00C95434 /* AppDelegate.swift in Sources */ = {isa = PBXBuildFile; fileRef = B835CE49213E4D3D00C95434 /* AppDelegate.swift */; };
		B835CE4C213E4D3D00C95434 /* ViewController.swift in Sources */ = {isa = PBXBuildFile; fileRef = B835CE4B213E4D3D00C95434 /* ViewController.swift */; };
		B835CE4F213E4D3D00C95434 /* Main.storyboard in Resources */ = {isa = PBXBuildFile; fileRef = B835CE4D213E4D3D00C95434 /* Main.storyboard */; };
		B835CE51213E4D3E00C95434 /* Assets.xcassets in Resources */ = {isa = PBXBuildFile; fileRef = B835CE50213E4D3E00C95434 /* Assets.xcassets */; };
		B835CE54213E4D3E00C95434 /* LaunchScreen.storyboard in Resources */ = {isa = PBXBuildFile; fileRef = B835CE52213E4D3E00C95434 /* LaunchScreen.storyboard */; };
		B835CE5C213E4F6400C95434 /* MGPopupWindowUtilsSwift.podspec in Resources */ = {isa = PBXBuildFile; fileRef = B835CE5B213E4F6400C95434 /* MGPopupWindowUtilsSwift.podspec */; };
		B835CE5E213E4F6B00C95434 /* README.md in Resources */ = {isa = PBXBuildFile; fileRef = B835CE5D213E4F6B00C95434 /* README.md */; };
		B835CE64213E512700C95434 /* MGPopupWindowUtils.swift in Sources */ = {isa = PBXBuildFile; fileRef = B835CE63213E512700C95434 /* MGPopupWindowUtils.swift */; };
/* End PBXBuildFile section */

/* Begin PBXFileReference section */
		08E18A72BBDF8EDF9666051E /* Pods-MGPopupWindowUtilsSwift.release.xcconfig */ = {isa = PBXFileReference; includeInIndex = 1; lastKnownFileType = text.xcconfig; name = "Pods-MGPopupWindowUtilsSwift.release.xcconfig"; path = "Pods/Target Support Files/Pods-MGPopupWindowUtilsSwift/Pods-MGPopupWindowUtilsSwift.release.xcconfig"; sourceTree = "<group>"; };
		1A985895604B554A367F36BF /* Pods_MGPopupWindowUtilsSwift.framework */ = {isa = PBXFileReference; explicitFileType = wrapper.framework; includeInIndex = 0; path = Pods_MGPopupWindowUtilsSwift.framework; sourceTree = BUILT_PRODUCTS_DIR; };
		6E34CDC8EFDD071772A34300 /* Pods-MGPopupWindowUtilsSwift.debug.xcconfig */ = {isa = PBXFileReference; includeInIndex = 1; lastKnownFileType = text.xcconfig; name = "Pods-MGPopupWindowUtilsSwift.debug.xcconfig"; path = "Pods/Target Support Files/Pods-MGPopupWindowUtilsSwift/Pods-MGPopupWindowUtilsSwift.debug.xcconfig"; sourceTree = "<group>"; };
		B835CE46213E4D3D00C95434 /* MGPopupWindowUtilsSwift.app */ = {isa = PBXFileReference; explicitFileType = wrapper.application; includeInIndex = 0; path = MGPopupWindowUtilsSwift.app; sourceTree = BUILT_PRODUCTS_DIR; };
		B835CE49213E4D3D00C95434 /* AppDelegate.swift */ = {isa = PBXFileReference; lastKnownFileType = sourcecode.swift; path = AppDelegate.swift; sourceTree = "<group>"; };
		B835CE4B213E4D3D00C95434 /* ViewController.swift */ = {isa = PBXFileReference; lastKnownFileType = sourcecode.swift; path = ViewController.swift; sourceTree = "<group>"; };
		B835CE4E213E4D3D00C95434 /* Base */ = {isa = PBXFileReference; lastKnownFileType = file.storyboard; name = Base; path = Base.lproj/Main.storyboard; sourceTree = "<group>"; };
		B835CE50213E4D3E00C95434 /* Assets.xcassets */ = {isa = PBXFileReference; lastKnownFileType = folder.assetcatalog; path = Assets.xcassets; sourceTree = "<group>"; };
		B835CE53213E4D3E00C95434 /* Base */ = {isa = PBXFileReference; lastKnownFileType = file.storyboard; name = Base; path = Base.lproj/LaunchScreen.storyboard; sourceTree = "<group>"; };
		B835CE55213E4D3E00C95434 /* Info.plist */ = {isa = PBXFileReference; lastKnownFileType = text.plist.xml; path = Info.plist; sourceTree = "<group>"; };
		B835CE5B213E4F6400C95434 /* MGPopupWindowUtilsSwift.podspec */ = {isa = PBXFileReference; fileEncoding = 4; lastKnownFileType = text; name = MGPopupWindowUtilsSwift.podspec; path = ../../MGPopupWindowUtilsSwift.podspec; sourceTree = "<group>"; };
		B835CE5D213E4F6B00C95434 /* README.md */ = {isa = PBXFileReference; fileEncoding = 4; lastKnownFileType = net.daringfireball.markdown; name = README.md; path = ../../README.md; sourceTree = "<group>"; };
		B835CE63213E512700C95434 /* MGPopupWindowUtils.swift */ = {isa = PBXFileReference; fileEncoding = 4; lastKnownFileType = sourcecode.swift; path = MGPopupWindowUtils.swift; sourceTree = "<group>"; };
/* End PBXFileReference section */

/* Begin PBXFrameworksBuildPhase section */
		B835CE43213E4D3D00C95434 /* Frameworks */ = {
			isa = PBXFrameworksBuildPhase;
			buildActionMask = 2147483647;
			files = (
				97380CC3251E2BAB15EC49DA /* Pods_MGPopupWindowUtilsSwift.framework in Frameworks */,
			);
			runOnlyForDeploymentPostprocessing = 0;
		};
/* End PBXFrameworksBuildPhase section */

/* Begin PBXGroup section */
		B835CE3D213E4D3D00C95434 = {
			isa = PBXGroup;
			children = (
				B835CE48213E4D3D00C95434 /* MGPopupWindowUtilsSwift */,
				B835CE47213E4D3D00C95434 /* Products */,
				D8A6010A1C488219784BC338 /* Pods */,
				DA623C754FC4B383EEE17CCC /* Frameworks */,
			);
			sourceTree = "<group>";
		};
		B835CE47213E4D3D00C95434 /* Products */ = {
			isa = PBXGroup;
			children = (
				B835CE46213E4D3D00C95434 /* MGPopupWindowUtilsSwift.app */,
			);
			name = Products;
			sourceTree = "<group>";
		};
		B835CE48213E4D3D00C95434 /* MGPopupWindowUtilsSwift */ = {
			isa = PBXGroup;
			children = (
				B835CE49213E4D3D00C95434 /* AppDelegate.swift */,
				B835CE4B213E4D3D00C95434 /* ViewController.swift */,
				B835CE4D213E4D3D00C95434 /* Main.storyboard */,
				B835CE50213E4D3E00C95434 /* Assets.xcassets */,
				B835CE52213E4D3E00C95434 /* LaunchScreen.storyboard */,
				B835CE55213E4D3E00C95434 /* Info.plist */,
				B835CE5D213E4F6B00C95434 /* README.md */,
				B835CE5B213E4F6400C95434 /* MGPopupWindowUtilsSwift.podspec */,
				B835CE61213E512700C95434 /* Classes */,
			);
			path = MGPopupWindowUtilsSwift;
			sourceTree = "<group>";
		};
		B835CE61213E512700C95434 /* Classes */ = {
			isa = PBXGroup;
			children = (
				B835CE62213E512700C95434 /* util */,
			);
			path = Classes;
			sourceTree = "<group>";
		};
		B835CE62213E512700C95434 /* util */ = {
			isa = PBXGroup;
			children = (
				B835CE63213E512700C95434 /* MGPopupWindowUtils.swift */,
			);
			path = util;
			sourceTree = "<group>";
		};
		D8A6010A1C488219784BC338 /* Pods */ = {
			isa = PBXGroup;
			children = (
				6E34CDC8EFDD071772A34300 /* Pods-MGPopupWindowUtilsSwift.debug.xcconfig */,
				08E18A72BBDF8EDF9666051E /* Pods-MGPopupWindowUtilsSwift.release.xcconfig */,
			);
			name = Pods;
			sourceTree = "<group>";
		};
		DA623C754FC4B383EEE17CCC /* Frameworks */ = {
			isa = PBXGroup;
			children = (
				1A985895604B554A367F36BF /* Pods_MGPopupWindowUtilsSwift.framework */,
			);
			name = Frameworks;
			sourceTree = "<group>";
		};
/* End PBXGroup section */

/* Begin PBXNativeTarget section */
		B835CE45213E4D3D00C95434 /* MGPopupWindowUtilsSwift */ = {
			isa = PBXNativeTarget;
			buildConfigurationList = B835CE58213E4D3E00C95434 /* Build configuration list for PBXNativeTarget "MGPopupWindowUtilsSwift" */;
			buildPhases = (
				35F0F1A440FC3149E0FB3B57 /* [CP] Check Pods Manifest.lock */,
				B835CE42213E4D3D00C95434 /* Sources */,
				B835CE43213E4D3D00C95434 /* Frameworks */,
				B835CE44213E4D3D00C95434 /* Resources */,
				ECBFDA95C0A456B99D52EE9B /* [CP] Embed Pods Frameworks */,
			);
			buildRules = (
			);
			dependencies = (
			);
			name = MGPopupWindowUtilsSwift;
			productName = MGPopupWindowUtilsSwift;
			productReference = B835CE46213E4D3D00C95434 /* MGPopupWindowUtilsSwift.app */;
			productType = "com.apple.product-type.application";
		};
/* End PBXNativeTarget section */

/* Begin PBXProject section */
		B835CE3E213E4D3D00C95434 /* Project object */ = {
			isa = PBXProject;
			attributes = {
				LastSwiftUpdateCheck = 0940;
				LastUpgradeCheck = 0940;
				ORGANIZATIONNAME = "Magical Water";
				TargetAttributes = {
					B835CE45213E4D3D00C95434 = {
						CreatedOnToolsVersion = 9.4.1;
					};
				};
			};
			buildConfigurationList = B835CE41213E4D3D00C95434 /* Build configuration list for PBXProject "MGPopupWindowUtilsSwift" */;
			compatibilityVersion = "Xcode 9.3";
			developmentRegion = en;
			hasScannedForEncodings = 0;
			knownRegions = (
				en,
				Base,
			);
			mainGroup = B835CE3D213E4D3D00C95434;
			productRefGroup = B835CE47213E4D3D00C95434 /* Products */;
			projectDirPath = "";
			projectRoot = "";
			targets = (
				B835CE45213E4D3D00C95434 /* MGPopupWindowUtilsSwift */,
			);
		};
/* End PBXProject section */

/* Begin PBXResourcesBuildPhase section */
		B835CE44213E4D3D00C95434 /* Resources */ = {
			isa = PBXResourcesBuildPhase;
			buildActionMask = 2147483647;
			files = (
				B835CE54213E4D3E00C95434 /* LaunchScreen.storyboard in Resources */,
				B835CE5C213E4F6400C95434 /* MGPopupWindowUtilsSwift.podspec in Resources */,
				B835CE5E213E4F6B00C95434 /* README.md in Resources */,
				B835CE51213E4D3E00C95434 /* Assets.xcassets in Resources */,
				B835CE4F213E4D3D00C95434 /* Main.storyboard in Resources */,
			);
			runOnlyForDeploymentPostprocessing = 0;
		};
/* End PBXResourcesBuildPhase section */

/* Begin PBXShellScriptBuildPhase section */
		35F0F1A440FC3149E0FB3B57 /* [CP] Check Pods Manifest.lock */ = {
			isa = PBXShellScriptBuildPhase;
			buildActionMask = 2147483647;
			files = (
			);
			inputPaths = (
				"${PODS_PODFILE_DIR_PATH}/Podfile.lock",
				"${PODS_ROOT}/Manifest.lock",
			);
			name = "[CP] Check Pods Manifest.lock";
			outputPaths = (
				"$(DERIVED_FILE_DIR)/Pods-MGPopupWindowUtilsSwift-checkManifestLockResult.txt",
			);
			runOnlyForDeploymentPostprocessing = 0;
			shellPath = /bin/sh;
			shellScript = "diff \"${PODS_PODFILE_DIR_PATH}/Podfile.lock\" \"${PODS_ROOT}/Manifest.lock\" > /dev/null\nif [ $? != 0 ] ; then\n    # print error to STDERR\n    echo \"error: The sandbox is not in sync with the Podfile.lock. Run 'pod install' or update your CocoaPods installation.\" >&2\n    exit 1\nfi\n# This output is used by Xcode 'outputs' to avoid re-running this script phase.\necho \"SUCCESS\" > \"${SCRIPT_OUTPUT_FILE_0}\"\n";
			showEnvVarsInLog = 0;
		};
		ECBFDA95C0A456B99D52EE9B /* [CP] Embed Pods Frameworks */ = {
			isa = PBXShellScriptBuildPhase;
			buildActionMask = 2147483647;
			files = (
			);
			inputPaths = (
				"${SRCROOT}/Pods/Target Support Files/Pods-MGPopupWindowUtilsSwift/Pods-MGPopupWindowUtilsSwift-frameworks.sh",
				"${BUILT_PRODUCTS_DIR}/CLImagePickerTool/CLImagePickerTool.framework",
				"${BUILT_PRODUCTS_DIR}/Kingfisher/Kingfisher.framework",
				"${BUILT_PRODUCTS_DIR}/MGBaseViewSwift/MGBaseViewSwift.framework",
				"${BUILT_PRODUCTS_DIR}/MGExtensionSwift/MGExtensionSwift.framework",
				"${BUILT_PRODUCTS_DIR}/MGUtilsSwift/MGUtilsSwift.framework",
				"${BUILT_PRODUCTS_DIR}/MGViewsSwift/MGViewsSwift.framework",
				"${BUILT_PRODUCTS_DIR}/ReachabilitySwift/Reachability.framework",
				"${BUILT_PRODUCTS_DIR}/SwiftyJSON/SwiftyJSON.framework",
				"${BUILT_PRODUCTS_DIR}/Toast-Swift/Toast_Swift.framework",
			);
			name = "[CP] Embed Pods Frameworks";
			outputPaths = (
				"${TARGET_BUILD_DIR}/${FRAMEWORKS_FOLDER_PATH}/CLImagePickerTool.framework",
				"${TARGET_BUILD_DIR}/${FRAMEWORKS_FOLDER_PATH}/Kingfisher.framework",
				"${TARGET_BUILD_DIR}/${FRAMEWORKS_FOLDER_PATH}/MGBaseViewSwift.framework",
				"${TARGET_BUILD_DIR}/${FRAMEWORKS_FOLDER_PATH}/MGExtensionSwift.framework",
				"${TARGET_BUILD_DIR}/${FRAMEWORKS_FOLDER_PATH}/MGUtilsSwift.framework",
				"${TARGET_BUILD_DIR}/${FRAMEWORKS_FOLDER_PATH}/MGViewsSwift.framework",
				"${TARGET_BUILD_DIR}/${FRAMEWORKS_FOLDER_PATH}/Reachability.framework",
				"${TARGET_BUILD_DIR}/${FRAMEWORKS_FOLDER_PATH}/SwiftyJSON.framework",
				"${TARGET_BUILD_DIR}/${FRAMEWORKS_FOLDER_PATH}/Toast_Swift.framework",
			);
			runOnlyForDeploymentPostprocessing = 0;
			shellPath = /bin/sh;
			shellScript = "\"${SRCROOT}/Pods/Target Support Files/Pods-MGPopupWindowUtilsSwift/Pods-MGPopupWindowUtilsSwift-frameworks.sh\"\n";
			showEnvVarsInLog = 0;
		};
/* End PBXShellScriptBuildPhase section */

/* Begin PBXSourcesBuildPhase section */
		B835CE42213E4D3D00C95434 /* Sources */ = {
			isa = PBXSourcesBuildPhase;
			buildActionMask = 2147483647;
			files = (
				B835CE64213E512700C95434 /* MGPopupWindowUtils.swift in Sources */,
				B835CE4C213E4D3D00C95434 /* ViewController.swift in Sources */,
				B835CE4A213E4D3D00C95434 /* AppDelegate.swift in Sources */,
			);
			runOnlyForDeploymentPostprocessing = 0;
		};
/* End PBXSourcesBuildPhase section */

/* Begin PBXVariantGroup section */
		B835CE4D213E4D3D00C95434 /* Main.storyboard */ = {
			isa = PBXVariantGroup;
			children = (
				B835CE4E213E4D3D00C95434 /* Base */,
			);
			name = Main.storyboard;
			sourceTree = "<group>";
		};
		B835CE52213E4D3E00C95434 /* LaunchScreen.storyboard */ = {
			isa = PBXVariantGroup;
			children = (
				B835CE53213E4D3E00C95434 /* Base */,
			);
			name = LaunchScreen.storyboard;
			sourceTree = "<group>";
		};
/* End PBXVariantGroup section */

/* Begin XCBuildConfiguration section */
		B835CE56213E4D3E00C95434 /* Debug */ = {
			isa = XCBuildConfiguration;
			buildSettings = {
				ALWAYS_SEARCH_USER_PATHS = NO;
				CLANG_ANALYZER_NONNULL = YES;
				CLANG_ANALYZER_NUMBER_OBJECT_CONVERSION = YES_AGGRESSIVE;
				CLANG_CXX_LANGUAGE_STANDARD = "gnu++14";
				CLANG_CXX_LIBRARY = "libc++";
				CLANG_ENABLE_MODULES = YES;
				CLANG_ENABLE_OBJC_ARC = YES;
				CLANG_ENABLE_OBJC_WEAK = YES;
				CLANG_WARN_BLOCK_CAPTURE_AUTORELEASING = YES;
				CLANG_WARN_BOOL_CONVERSION = YES;
				CLANG_WARN_COMMA = YES;
				CLANG_WARN_CONSTANT_CONVERSION = YES;
				CLANG_WARN_DEPRECATED_OBJC_IMPLEMENTATIONS = YES;
				CLANG_WARN_DIRECT_OBJC_ISA_USAGE = YES_ERROR;
				CLANG_WARN_DOCUMENTATION_COMMENTS = YES;
				CLANG_WARN_EMPTY_BODY = YES;
				CLANG_WARN_ENUM_CONVERSION = YES;
				CLANG_WARN_INFINITE_RECURSION = YES;
				CLANG_WARN_INT_CONVERSION = YES;
				CLANG_WARN_NON_LITERAL_NULL_CONVERSION = YES;
				CLANG_WARN_OBJC_IMPLICIT_RETAIN_SELF = YES;
				CLANG_WARN_OBJC_LITERAL_CONVERSION = YES;
				CLANG_WARN_OBJC_ROOT_CLASS = YES_ERROR;
				CLANG_WARN_RANGE_LOOP_ANALYSIS = YES;
				CLANG_WARN_STRICT_PROTOTYPES = YES;
				CLANG_WARN_SUSPICIOUS_MOVE = YES;
				CLANG_WARN_UNGUARDED_AVAILABILITY = YES_AGGRESSIVE;
				CLANG_WARN_UNREACHABLE_CODE = YES;
				CLANG_WARN__DUPLICATE_METHOD_MATCH = YES;
				CODE_SIGN_IDENTITY = "iPhone Developer";
				COPY_PHASE_STRIP = NO;
				DEBUG_INFORMATION_FORMAT = dwarf;
				ENABLE_STRICT_OBJC_MSGSEND = YES;
				ENABLE_TESTABILITY = YES;
				GCC_C_LANGUAGE_STANDARD = gnu11;
				GCC_DYNAMIC_NO_PIC = NO;
				GCC_NO_COMMON_BLOCKS = YES;
				GCC_OPTIMIZATION_LEVEL = 0;
				GCC_PREPROCESSOR_DEFINITIONS = (
					"DEBUG=1",
					"$(inherited)",
				);
				GCC_WARN_64_TO_32_BIT_CONVERSION = YES;
				GCC_WARN_ABOUT_RETURN_TYPE = YES_ERROR;
				GCC_WARN_UNDECLARED_SELECTOR = YES;
				GCC_WARN_UNINITIALIZED_AUTOS = YES_AGGRESSIVE;
				GCC_WARN_UNUSED_FUNCTION = YES;
				GCC_WARN_UNUSED_VARIABLE = YES;
				IPHONEOS_DEPLOYMENT_TARGET = 11.4;
				MTL_ENABLE_DEBUG_INFO = YES;
				ONLY_ACTIVE_ARCH = YES;
				SDKROOT = iphoneos;
				SWIFT_ACTIVE_COMPILATION_CONDITIONS = DEBUG;
				SWIFT_OPTIMIZATION_LEVEL = "-Onone";
			};
			name = Debug;
		};
		B835CE57213E4D3E00C95434 /* Release */ = {
			isa = XCBuildConfiguration;
			buildSettings = {
				ALWAYS_SEARCH_USER_PATHS = NO;
				CLANG_ANALYZER_NONNULL = YES;
				CLANG_ANALYZER_NUMBER_OBJECT_CONVERSION = YES_AGGRESSIVE;
				CLANG_CXX_LANGUAGE_STANDARD = "gnu++14";
				CLANG_CXX_LIBRARY = "libc++";
				CLANG_ENABLE_MODULES = YES;
				CLANG_ENABLE_OBJC_ARC = YES;
				CLANG_ENABLE_OBJC_WEAK = YES;
				CLANG_WARN_BLOCK_CAPTURE_AUTORELEASING = YES;
				CLANG_WARN_BOOL_CONVERSION = YES;
				CLANG_WARN_COMMA = YES;
				CLANG_WARN_CONSTANT_CONVERSION = YES;
				CLANG_WARN_DEPRECATED_OBJC_IMPLEMENTATIONS = YES;
				CLANG_WARN_DIRECT_OBJC_ISA_USAGE = YES_ERROR;
				CLANG_WARN_DOCUMENTATION_COMMENTS = YES;
				CLANG_WARN_EMPTY_BODY = YES;
				CLANG_WARN_ENUM_CONVERSION = YES;
				CLANG_WARN_INFINITE_RECURSION = YES;
				CLANG_WARN_INT_CONVERSION = YES;
				CLANG_WARN_NON_LITERAL_NULL_CONVERSION = YES;
				CLANG_WARN_OBJC_IMPLICIT_RETAIN_SELF = YES;
				CLANG_WARN_OBJC_LITERAL_CONVERSION = YES;
				CLANG_WARN_OBJC_ROOT_CLASS = YES_ERROR;
				CLANG_WARN_RANGE_LOOP_ANALYSIS = YES;
				CLANG_WARN_STRICT_PROTOTYPES = YES;
				CLANG_WARN_SUSPICIOUS_MOVE = YES;
				CLANG_WARN_UNGUARDED_AVAILABILITY = YES_AGGRESSIVE;
				CLANG_WARN_UNREACHABLE_CODE = YES;
				CLANG_WARN__DUPLICATE_METHOD_MATCH = YES;
				CODE_SIGN_IDENTITY = "iPhone Developer";
				COPY_PHASE_STRIP = NO;
				DEBUG_INFORMATION_FORMAT = "dwarf-with-dsym";
				ENABLE_NS_ASSERTIONS = NO;
				ENABLE_STRICT_OBJC_MSGSEND = YES;
				GCC_C_LANGUAGE_STANDARD = gnu11;
				GCC_NO_COMMON_BLOCKS = YES;
				GCC_WARN_64_TO_32_BIT_CONVERSION = YES;
				GCC_WARN_ABOUT_RETURN_TYPE = YES_ERROR;
				GCC_WARN_UNDECLARED_SELECTOR = YES;
				GCC_WARN_UNINITIALIZED_AUTOS = YES_AGGRESSIVE;
				GCC_WARN_UNUSED_FUNCTION = YES;
				GCC_WARN_UNUSED_VARIABLE = YES;
				IPHONEOS_DEPLOYMENT_TARGET = 11.4;
				MTL_ENABLE_DEBUG_INFO = NO;
				SDKROOT = iphoneos;
				SWIFT_COMPILATION_MODE = wholemodule;
				SWIFT_OPTIMIZATION_LEVEL = "-O";
				VALIDATE_PRODUCT = YES;
			};
			name = Release;
		};
		B835CE59213E4D3E00C95434 /* Debug */ = {
			isa = XCBuildConfiguration;
			baseConfigurationReference = 6E34CDC8EFDD071772A34300 /* Pods-MGPopupWindowUtilsSwift.debug.xcconfig */;
			buildSettings = {
				ASSETCATALOG_COMPILER_APPICON_NAME = AppIcon;
				CODE_SIGN_STYLE = Automatic;
				INFOPLIST_FILE = MGPopupWindowUtilsSwift/Info.plist;
				LD_RUNPATH_SEARCH_PATHS = (
					"$(inherited)",
					"@executable_path/Frameworks",
				);
				PRODUCT_BUNDLE_IDENTIFIER = com.magicalwater.MGPopupWindowUtilsSwift;
				PRODUCT_NAME = "$(TARGET_NAME)";
				SWIFT_VERSION = 4.0;
				TARGETED_DEVICE_FAMILY = "1,2";
			};
			name = Debug;
		};
		B835CE5A213E4D3E00C95434 /* Release */ = {
			isa = XCBuildConfiguration;
			baseConfigurationReference = 08E18A72BBDF8EDF9666051E /* Pods-MGPopupWindowUtilsSwift.release.xcconfig */;
			buildSettings = {
				ASSETCATALOG_COMPILER_APPICON_NAME = AppIcon;
				CODE_SIGN_STYLE = Automatic;
				INFOPLIST_FILE = MGPopupWindowUtilsSwift/Info.plist;
				LD_RUNPATH_SEARCH_PATHS = (
					"$(inherited)",
					"@executable_path/Frameworks",
				);
				PRODUCT_BUNDLE_IDENTIFIER = com.magicalwater.MGPopupWindowUtilsSwift;
				PRODUCT_NAME = "$(TARGET_NAME)";
				SWIFT_VERSION = 4.0;
				TARGETED_DEVICE_FAMILY = "1,2";
			};
			name = Release;
		};
/* End XCBuildConfiguration section */

/* Begin XCConfigurationList section */
		B835CE41213E4D3D00C95434 /* Build configuration list for PBXProject "MGPopupWindowUtilsSwift" */ = {
			isa = XCConfigurationList;
			buildConfigurations = (
				B835CE56213E4D3E00C95434 /* Debug */,
				B835CE57213E4D3E00C95434 /* Release */,
			);
			defaultConfigurationIsVisible = 0;
			defaultConfigurationName = Release;
		};
		B835CE58213E4D3E00C95434 /* Build configuration list for PBXNativeTarget "MGPopupWindowUtilsSwift" */ = {
			isa = XCConfigurationList;
			buildConfigurations = (
				B835CE59213E4D3E00C95434 /* Debug */,
				B835CE5A213E4D3E00C95434 /* Release */,
			);
			defaultConfigurationIsVisible = 0;
			defaultConfigurationName = Release;
		};
/* End XCConfigurationList section */
	};
	rootObject = B835CE3E213E4D3D00C95434 /* Project object */;
}
